
Microsoft Visual Studio Solution File, Format Version 12.00
# Visual Studio Version 17
VisualStudioVersion = 17.3.32901.215
MinimumVisualStudioVersion = 10.0.40219.1
Project("{FAE04EC0-301F-11D3-BF4B-00C04F79EFBC}") = "Lesson-5", "Lesson-5\Lesson-5.csproj", "{FE90449D-559B-4187-8E40-19C1B273BB52}"
EndProject
Global
	GlobalSection(SolutionConfigurationPlatforms) = preSolution
		Debug|Any CPU = Debug|Any CPU
		Release|Any CPU = Release|Any CPU
	EndGlobalSection
	GlobalSection(ProjectConfigurationPlatforms) = postSolution
		{FE90449D-559B-4187-8E40-19C1B273BB52}.Debug|Any CPU.ActiveCfg = Debug|Any CPU
		{FE90449D-559B-4187-8E40-19C1B273BB52}.Debug|Any CPU.Build.0 = Debug|Any CPU
		{FE90449D-559B-4187-8E40-19C1B273BB52}.Release|Any CPU.ActiveCfg = Release|Any CPU
		{FE90449D-559B-4187-8E40-19C1B273BB52}.Release|Any CPU.Build.0 = Release|Any CPU
	EndGlobalSection
	GlobalSection(SolutionProperties) = preSolution
		HideSolutionNode = FALSE
	EndGlobalSection
	GlobalSection(ExtensibilityGlobals) = postSolution
		SolutionGuid = {5778AE9D-C979-4BF2-BB16-2267458502F4}
	EndGlobalSection
EndGlobal
